// !$*UTF8*$!
{
	archiveVersion = 1;
	classes = {
	};
	objectVersion = 50;
	objects = {

/* Begin PBXBuildFile section */
		A86CFF352218618D004CBAEF /* AppDelegate.swift in Sources */ = {isa = PBXBuildFile; fileRef = A86CFF342218618D004CBAEF /* AppDelegate.swift */; };
		A86CFF372218618D004CBAEF /* ViewController.swift in Sources */ = {isa = PBXBuildFile; fileRef = A86CFF362218618D004CBAEF /* ViewController.swift */; };
		A86CFF3A2218618D004CBAEF /* Main.storyboard in Resources */ = {isa = PBXBuildFile; fileRef = A86CFF382218618D004CBAEF /* Main.storyboard */; };
		A86CFF3C2218618F004CBAEF /* Assets.xcassets in Resources */ = {isa = PBXBuildFile; fileRef = A86CFF3B2218618F004CBAEF /* Assets.xcassets */; };
		A86CFF3F2218618F004CBAEF /* LaunchScreen.storyboard in Resources */ = {isa = PBXBuildFile; fileRef = A86CFF3D2218618F004CBAEF /* LaunchScreen.storyboard */; };
/* End PBXBuildFile section */

/* Begin PBXFileReference section */
		A86CFF312218618D004CBAEF /* PitchPerfect.app */ = {isa = PBXFileReference; explicitFileType = wrapper.application; includeInIndex = 0; path = PitchPerfect.app; sourceTree = BUILT_PRODUCTS_DIR; };
		A86CFF342218618D004CBAEF /* AppDelegate.swift */ = {isa = PBXFileReference; lastKnownFileType = sourcecode.swift; path = AppDelegate.swift; sourceTree = "<group>"; };
		A86CFF362218618D004CBAEF /* ViewController.swift */ = {isa = PBXFileReference; lastKnownFileType = sourcecode.swift; path = ViewController.swift; sourceTree = "<group>"; };
		A86CFF392218618D004CBAEF /* Base */ = {isa = PBXFileReference; lastKnownFileType = file.storyboard; name = Base; path = Base.lproj/Main.storyboard; sourceTree = "<group>"; };
		A86CFF3B2218618F004CBAEF /* Assets.xcassets */ = {isa = PBXFileReference; lastKnownFileType = folder.assetcatalog; path = Assets.xcassets; sourceTree = "<group>"; };
		A86CFF3E2218618F004CBAEF /* Base */ = {isa = PBXFileReference; lastKnownFileType = file.storyboard; name = Base; path = Base.lproj/LaunchScreen.storyboard; sourceTree = "<group>"; };
		A86CFF402218618F004CBAEF /* Info.plist */ = {isa = PBXFileReference; lastKnownFileType = text.plist.xml; path = Info.plist; sourceTree = "<group>"; };
/* End PBXFileReference section */

/* Begin PBXFrameworksBuildPhase section */
		A86CFF2E2218618D004CBAEF /* Frameworks */ = {
			isa = PBXFrameworksBuildPhase;
			buildActionMask = 2147483647;
			files = (
			);
			runOnlyForDeploymentPostprocessing = 0;
		};
/* End PBXFrameworksBuildPhase section */

/* Begin PBXGroup section */
		A86CFF282218618D004CBAEF = {
			isa = PBXGroup;
			children = (
				A86CFF332218618D004CBAEF /* PitchPerfect */,
				A86CFF322218618D004CBAEF /* Products */,
			);
			sourceTree = "<group>";
		};
		A86CFF322218618D004CBAEF /* Products */ = {
			isa = PBXGroup;
			children = (
				A86CFF312218618D004CBAEF /* PitchPerfect.app */,
			);
			name = Products;
			sourceTree = "<group>";
		};
		A86CFF332218618D004CBAEF /* PitchPerfect */ = {
			isa = PBXGroup;
			children = (
				A86CFF342218618D004CBAEF /* AppDelegate.swift */,
				A86CFF362218618D004CBAEF /* ViewController.swift */,
				A86CFF382218618D004CBAEF /* Main.storyboard */,
				A86CFF3B2218618F004CBAEF /* Assets.xcassets */,
				A86CFF3D2218618F004CBAEF /* LaunchScreen.storyboard */,
				A86CFF402218618F004CBAEF /* Info.plist */,
			);
			path = PitchPerfect;
			sourceTree = "<group>";
		};
/* End PBXGroup section */

/* Begin PBXNativeTarget section */
		A86CFF302218618D004CBAEF /* PitchPerfect */ = {
			isa = PBXNativeTarget;
			buildConfigurationList = A86CFF432218618F004CBAEF /* Build configuration list for PBXNativeTarget "PitchPerfect" */;
			buildPhases = (
				A86CFF2D2218618D004CBAEF /* Sources */,
				A86CFF2E2218618D004CBAEF /* Frameworks */,
				A86CFF2F2218618D004CBAEF /* Resources */,
			);
			buildRules = (
			);
			dependencies = (
			);
			name = PitchPerfect;
			productName = PitchPerfect;
			productReference = A86CFF312218618D004CBAEF /* PitchPerfect.app */;
			productType = "com.apple.product-type.application";
		};
/* End PBXNativeTarget section */

/* Begin PBXProject section */
		A86CFF292218618D004CBAEF /* Project object */ = {
			isa = PBXProject;
			attributes = {
				LastSwiftUpdateCheck = 1010;
				LastUpgradeCheck = 1010;
				ORGANIZATIONNAME = "Nishtha Behal";
				TargetAttributes = {
					A86CFF302218618D004CBAEF = {
						CreatedOnToolsVersion = 10.1;
					};
				};
			};
			buildConfigurationList = A86CFF2C2218618D004CBAEF /* Build configuration list for PBXProject "PitchPerfect" */;
			compatibilityVersion = "Xcode 9.3";
			developmentRegion = en;
			hasScannedForEncodings = 0;
			knownRegions = (
				en,
				Base,
			);
			mainGroup = A86CFF282218618D004CBAEF;
			productRefGroup = A86CFF322218618D004CBAEF /* Products */;
			projectDirPath = "";
			projectRoot = "";
			targets = (
				A86CFF302218618D004CBAEF /* PitchPerfect */,
			);
		};
/* End PBXProject section */

/* Begin PBXResourcesBuildPhase section */
		A86CFF2F2218618D004CBAEF /* Resources */ = {
			isa = PBXResourcesBuildPhase;
			buildActionMask = 2147483647;
			files = (
				A86CFF3F2218618F004CBAEF /* LaunchScreen.storyboard in Resources */,
				A86CFF3C2218618F004CBAEF /* Assets.xcassets in Resources */,
				A86CFF3A2218618D004CBAEF /* Main.storyboard in Resources */,
			);
			runOnlyForDeploymentPostprocessing = 0;
		};
/* End PBXResourcesBuildPhase section */

/* Begin PBXSourcesBuildPhase section */
		A86CFF2D2218618D004CBAEF /* Sources */ = {
			isa = PBXSourcesBuildPhase;
			buildActionMask = 2147483647;
			files = (
				A86CFF372218618D004CBAEF /* ViewController.swift in Sources */,
				A86CFF352218618D004CBAEF /* AppDelegate.swift in Sources */,
			);
			runOnlyForDeploymentPostprocessing = 0;
		};
/* End PBXSourcesBuildPhase section */

/* Begin PBXVariantGroup section */
		A86CFF382218618D004CBAEF /* Main.storyboard */ = {
			isa = PBXVariantGroup;
			children = (
				A86CFF392218618D004CBAEF /* Base */,
			);
			name = Main.storyboard;
			sourceTree = "<group>";
		};
		A86CFF3D2218618F004CBAEF /* LaunchScreen.storyboard */ = {
			isa = PBXVariantGroup;
			children = (
				A86CFF3E2218618F004CBAEF /* Base */,
			);
			name = LaunchScreen.storyboard;
			sourceTree = "<group>";
		};
/* End PBXVariantGroup section */

/* Begin XCBuildConfiguration section */
		A86CFF412218618F004CBAEF /* Debug */ = {
			isa = XCBuildConfiguration;
			buildSettings = {
				ALWAYS_SEARCH_USER_PATHS = NO;
				CLANG_ANALYZER_NONNULL = YES;
				CLANG_ANALYZER_NUMBER_OBJECT_CONVERSION = YES_AGGRESSIVE;
				CLANG_CXX_LANGUAGE_STANDARD = "gnu++14";
				CLANG_CXX_LIBRARY = "libc++";
				CLANG_ENABLE_MODULES = YES;
				CLANG_ENABLE_OBJC_ARC = YES;
				CLANG_ENABLE_OBJC_WEAK = YES;
				CLANG_WARN_BLOCK_CAPTURE_AUTORELEASING = YES;
				CLANG_WARN_BOOL_CONVERSION = YES;
				CLANG_WARN_COMMA = YES;
				CLANG_WARN_CONSTANT_CONVERSION = YES;
				CLANG_WARN_DEPRECATED_OBJC_IMPLEMENTATIONS = YES;
				CLANG_WARN_DIRECT_OBJC_ISA_USAGE = YES_ERROR;
				CLANG_WARN_DOCUMENTATION_COMMENTS = YES;
				CLANG_WARN_EMPTY_BODY = YES;
				CLANG_WARN_ENUM_CONVERSION = YES;
				CLANG_WARN_INFINITE_RECURSION = YES;
				CLANG_WARN_INT_CONVERSION = YES;
				CLANG_WARN_NON_LITERAL_NULL_CONVERSION = YES;
				CLANG_WARN_OBJC_IMPLICIT_RETAIN_SELF = YES;
				CLANG_WARN_OBJC_LITERAL_CONVERSION = YES;
				CLANG_WARN_OBJC_ROOT_CLASS = YES_ERROR;
				CLANG_WARN_RANGE_LOOP_ANALYSIS = YES;
				CLANG_WARN_STRICT_PROTOTYPES = YES;
				CLANG_WARN_SUSPICIOUS_MOVE = YES;
				CLANG_WARN_UNGUARDED_AVAILABILITY = YES_AGGRESSIVE;
				CLANG_WARN_UNREACHABLE_CODE = YES;
				CLANG_WARN__DUPLICATE_METHOD_MATCH = YES;
				CODE_SIGN_IDENTITY = "iPhone Developer";
				COPY_PHASE_STRIP = NO;
				DEBUG_INFORMATION_FORMAT = dwarf;
				ENABLE_STRICT_OBJC_MSGSEND = YES;
				ENABLE_TESTABILITY = YES;
				GCC_C_LANGUAGE_STANDARD = gnu11;
				GCC_DYNAMIC_NO_PIC = NO;
				GCC_NO_COMMON_BLOCKS = YES;
				GCC_OPTIMIZATION_LEVEL = 0;
				GCC_PREPROCESSOR_DEFINITIONS = (
					"DEBUG=1",
					"$(inherited)",
				);
				GCC_WARN_64_TO_32_BIT_CONVERSION = YES;
				GCC_WARN_ABOUT_RETURN_TYPE = YES_ERROR;
				GCC_WARN_UNDECLARED_SELECTOR = YES;
				GCC_WARN_UNINITIALIZED_AUTOS = YES_AGGRESSIVE;
				GCC_WARN_UNUSED_FUNCTION = YES;
				GCC_WARN_UNUSED_VARIABLE = YES;
				IPHONEOS_DEPLOYMENT_TARGET = 12.1;
				MTL_ENABLE_DEBUG_INFO = INCLUDE_SOURCE;
				MTL_FAST_MATH = YES;
				ONLY_ACTIVE_ARCH = YES;
				SDKROOT = iphoneos;
				SWIFT_ACTIVE_COMPILATION_CONDITIONS = DEBUG;
				SWIFT_OPTIMIZATION_LEVEL = "-Onone";
			};
			name = Debug;
		};
		A86CFF422218618F004CBAEF /* Release */ = {
			isa = XCBuildConfiguration;
			buildSettings = {
				ALWAYS_SEARCH_USER_PATHS = NO;
				CLANG_ANALYZER_NONNULL = YES;
				CLANG_ANALYZER_NUMBER_OBJECT_CONVERSION = YES_AGGRESSIVE;
				CLANG_CXX_LANGUAGE_STANDARD = "gnu++14";
				CLANG_CXX_LIBRARY = "libc++";
				CLANG_ENABLE_MODULES = YES;
				CLANG_ENABLE_OBJC_ARC = YES;
				CLANG_ENABLE_OBJC_WEAK = YES;
				CLANG_WARN_BLOCK_CAPTURE_AUTORELEASING = YES;
				CLANG_WARN_BOOL_CONVERSION = YES;
				CLANG_WARN_COMMA = YES;
				CLANG_WARN_CONSTANT_CONVERSION = YES;
				CLANG_WARN_DEPRECATED_OBJC_IMPLEMENTATIONS = YES;
				CLANG_WARN_DIRECT_OBJC_ISA_USAGE = YES_ERROR;
				CLANG_WARN_DOCUMENTATION_COMMENTS = YES;
				CLANG_WARN_EMPTY_BODY = YES;
				CLANG_WARN_ENUM_CONVERSION = YES;
				CLANG_WARN_INFINITE_RECURSION = YES;
				CLANG_WARN_INT_CONVERSION = YES;
				CLANG_WARN_NON_LITERAL_NULL_CONVERSION = YES;
				CLANG_WARN_OBJC_IMPLICIT_RETAIN_SELF = YES;
				CLANG_WARN_OBJC_LITERAL_CONVERSION = YES;
				CLANG_WARN_OBJC_ROOT_CLASS = YES_ERROR;
				CLANG_WARN_RANGE_LOOP_ANALYSIS = YES;
				CLANG_WARN_STRICT_PROTOTYPES = YES;
				CLANG_WARN_SUSPICIOUS_MOVE = YES;
				CLANG_WARN_UNGUARDED_AVAILABILITY = YES_AGGRESSIVE;
				CLANG_WARN_UNREACHABLE_CODE = YES;
				CLANG_WARN__DUPLICATE_METHOD_MATCH = YES;
				CODE_SIGN_IDENTITY = "iPhone Developer";
				COPY_PHASE_STRIP = NO;
				DEBUG_INFORMATION_FORMAT = "dwarf-with-dsym";
				ENABLE_NS_ASSERTIONS = NO;
				ENABLE_STRICT_OBJC_MSGSEND = YES;
				GCC_C_LANGUAGE_STANDARD = gnu11;
				GCC_NO_COMMON_BLOCKS = YES;
				GCC_WARN_64_TO_32_BIT_CONVERSION = YES;
				GCC_WARN_ABOUT_RETURN_TYPE = YES_ERROR;
				GCC_WARN_UNDECLARED_SELECTOR = YES;
				GCC_WARN_UNINITIALIZED_AUTOS = YES_AGGRESSIVE;
				GCC_WARN_UNUSED_FUNCTION = YES;
				GCC_WARN_UNUSED_VARIABLE = YES;
				IPHONEOS_DEPLOYMENT_TARGET = 12.1;
				MTL_ENABLE_DEBUG_INFO = NO;
				MTL_FAST_MATH = YES;
				SDKROOT = iphoneos;
				SWIFT_COMPILATION_MODE = wholemodule;
				SWIFT_OPTIMIZATION_LEVEL = "-O";
				VALIDATE_PRODUCT = YES;
			};
			name = Release;
		};
		A86CFF442218618F004CBAEF /* Debug */ = {
			isa = XCBuildConfiguration;
			buildSettings = {
				ASSETCATALOG_COMPILER_APPICON_NAME = AppIcon;
				CODE_SIGN_STYLE = Automatic;
				INFOPLIST_FILE = PitchPerfect/Info.plist;
				LD_RUNPATH_SEARCH_PATHS = (
					"$(inherited)",
					"@executable_path/Frameworks",
				);
				PRODUCT_BUNDLE_IDENTIFIER = com.adobe.learning.ios.PitchPerfect;
				PRODUCT_NAME = "$(TARGET_NAME)";
				SWIFT_VERSION = 4.2;
				TARGETED_DEVICE_FAMILY = "1,2";
			};
			name = Debug;
		};
		A86CFF452218618F004CBAEF /* Release */ = {
			isa = XCBuildConfiguration;
			buildSettings = {
				ASSETCATALOG_COMPILER_APPICON_NAME = AppIcon;
				CODE_SIGN_STYLE = Automatic;
				INFOPLIST_FILE = PitchPerfect/Info.plist;
				LD_RUNPATH_SEARCH_PATHS = (
					"$(inherited)",
					"@executable_path/Frameworks",
				);
				PRODUCT_BUNDLE_IDENTIFIER = com.adobe.learning.ios.PitchPerfect;
				PRODUCT_NAME = "$(TARGET_NAME)";
				SWIFT_VERSION = 4.2;
				TARGETED_DEVICE_FAMILY = "1,2";
			};
			name = Release;
		};
/* End XCBuildConfiguration section */

/* Begin XCConfigurationList section */
		A86CFF2C2218618D004CBAEF /* Build configuration list for PBXProject "PitchPerfect" */ = {
			isa = XCConfigurationList;
			buildConfigurations = (
				A86CFF412218618F004CBAEF /* Debug */,
				A86CFF422218618F004CBAEF /* Release */,
			);
			defaultConfigurationIsVisible = 0;
			defaultConfigurationName = Release;
		};
		A86CFF432218618F004CBAEF /* Build configuration list for PBXNativeTarget "PitchPerfect" */ = {
			isa = XCConfigurationList;
			buildConfigurations = (
				A86CFF442218618F004CBAEF /* Debug */,
				A86CFF452218618F004CBAEF /* Release */,
			);
			defaultConfigurationIsVisible = 0;
			defaultConfigurationName = Release;
		};
/* End XCConfigurationList section */
	};
	rootObject = A86CFF292218618D004CBAEF /* Project object */;
}
